
Microsoft Visual Studio Solution File, Format Version 12.00
# Visual Studio Version 16
VisualStudioVersion = 16.0.29020.237
MinimumVisualStudioVersion = 10.0.40219.1
Project("{9A19103F-16F7-4668-BE54-9A1E7A4F7556}") = "HW03", "HW03\HW03.csproj", "{EAAB6C4A-9BCC-4A41-BC71-9026B887414A}"
EndProject
Project("{9A19103F-16F7-4668-BE54-9A1E7A4F7556}") = "B1", "B1\B1.csproj", "{2FB4301D-F022-4AFF-8FDB-1EFF80DD457C}"
EndProject
Project("{9A19103F-16F7-4668-BE54-9A1E7A4F7556}") = "B2", "B2\B2.csproj", "{D484AF15-B1B6-483C-862C-74577A48EE96}"
EndProject
Project("{9A19103F-16F7-4668-BE54-9A1E7A4F7556}") = "B3", "B3\B3.csproj", "{B0D7BE03-C161-4CB2-9021-100147AC89B2}"
EndProject
Project("{9A19103F-16F7-4668-BE54-9A1E7A4F7556}") = "C11", "C11\C11.csproj", "{7388FC4F-D067-4A5E-8426-FEC1D790522C}"
EndProject
Project("{9A19103F-16F7-4668-BE54-9A1E7A4F7556}") = "C12", "C12\C12.csproj", "{993DA91D-7CBE-458C-9127-E868FBCDE72C}"
EndProject
Project("{9A19103F-16F7-4668-BE54-9A1E7A4F7556}") = "B6", "B6\B6.csproj", "{849EBBD2-2480-476F-A56C-8535A1CA48BC}"
EndProject
Project("{9A19103F-16F7-4668-BE54-9A1E7A4F7556}") = "C13", "C13\C13.csproj", "{905B7B84-BB29-4C32-A270-855D01964DDE}"
EndProject
Project("{9A19103F-16F7-4668-BE54-9A1E7A4F7556}") = "C14", "C14\C14.csproj", "{31EB47DF-9A06-4668-AAC6-6E97090E1985}"
EndProject
Project("{9A19103F-16F7-4668-BE54-9A1E7A4F7556}") = "C15", "C15\C15.csproj", "{B02E63E9-B48C-42A6-9FA8-5A19C1E9C54D}"
EndProject
Project("{9A19103F-16F7-4668-BE54-9A1E7A4F7556}") = "B9", "B9\B9.csproj", "{5ECB0E45-FAAB-4404-934D-7A7C2A831207}"
EndProject
Project("{9A19103F-16F7-4668-BE54-9A1E7A4F7556}") = "B8", "B8\B8.csproj", "{8515F0F2-36C6-42E8-BB38-CD13823FEE34}"
EndProject
Project("{9A19103F-16F7-4668-BE54-9A1E7A4F7556}") = "C.10", "C.10\C.10.csproj", "{F3038959-012C-48E5-A30D-FA55C8C197F8}"
EndProject
Project("{9A19103F-16F7-4668-BE54-9A1E7A4F7556}") = "B7", "B7\B7.csproj", "{078E9E80-E7FB-4A0C-BE7B-A367CDBC14A1}"
EndProject
Project("{9A19103F-16F7-4668-BE54-9A1E7A4F7556}") = "B4", "B4\B4.csproj", "{DE3BCCDE-828D-4ACA-A5EC-68447E43BE3D}"
EndProject
Project("{9A19103F-16F7-4668-BE54-9A1E7A4F7556}") = "B5", "B5\B5.csproj", "{02063922-DC89-4679-AEB5-47ADABA0B007}"
EndProject
Project("{FAE04EC0-301F-11D3-BF4B-00C04F79EFBC}") = "C16", "C16\C16.csproj", "{FE29FE1A-7F68-4949-B4F6-054C2E46D9C9}"
EndProject
Global
	GlobalSection(SolutionConfigurationPlatforms) = preSolution
		Debug|Any CPU = Debug|Any CPU
		Release|Any CPU = Release|Any CPU
	EndGlobalSection
	GlobalSection(ProjectConfigurationPlatforms) = postSolution
		{EAAB6C4A-9BCC-4A41-BC71-9026B887414A}.Debug|Any CPU.ActiveCfg = Debug|Any CPU
		{EAAB6C4A-9BCC-4A41-BC71-9026B887414A}.Debug|Any CPU.Build.0 = Debug|Any CPU
		{EAAB6C4A-9BCC-4A41-BC71-9026B887414A}.Release|Any CPU.ActiveCfg = Release|Any CPU
		{EAAB6C4A-9BCC-4A41-BC71-9026B887414A}.Release|Any CPU.Build.0 = Release|Any CPU
		{2FB4301D-F022-4AFF-8FDB-1EFF80DD457C}.Debug|Any CPU.ActiveCfg = Debug|Any CPU
		{2FB4301D-F022-4AFF-8FDB-1EFF80DD457C}.Debug|Any CPU.Build.0 = Debug|Any CPU
		{2FB4301D-F022-4AFF-8FDB-1EFF80DD457C}.Release|Any CPU.ActiveCfg = Release|Any CPU
		{2FB4301D-F022-4AFF-8FDB-1EFF80DD457C}.Release|Any CPU.Build.0 = Release|Any CPU
		{D484AF15-B1B6-483C-862C-74577A48EE96}.Debug|Any CPU.ActiveCfg = Debug|Any CPU
		{D484AF15-B1B6-483C-862C-74577A48EE96}.Debug|Any CPU.Build.0 = Debug|Any CPU
		{D484AF15-B1B6-483C-862C-74577A48EE96}.Release|Any CPU.ActiveCfg = Release|Any CPU
		{D484AF15-B1B6-483C-862C-74577A48EE96}.Release|Any CPU.Build.0 = Release|Any CPU
		{B0D7BE03-C161-4CB2-9021-100147AC89B2}.Debug|Any CPU.ActiveCfg = Debug|Any CPU
		{B0D7BE03-C161-4CB2-9021-100147AC89B2}.Debug|Any CPU.Build.0 = Debug|Any CPU
		{B0D7BE03-C161-4CB2-9021-100147AC89B2}.Release|Any CPU.ActiveCfg = Release|Any CPU
		{B0D7BE03-C161-4CB2-9021-100147AC89B2}.Release|Any CPU.Build.0 = Release|Any CPU
		{7388FC4F-D067-4A5E-8426-FEC1D790522C}.Debug|Any CPU.ActiveCfg = Debug|Any CPU
		{7388FC4F-D067-4A5E-8426-FEC1D790522C}.Debug|Any CPU.Build.0 = Debug|Any CPU
		{7388FC4F-D067-4A5E-8426-FEC1D790522C}.Release|Any CPU.ActiveCfg = Release|Any CPU
		{7388FC4F-D067-4A5E-8426-FEC1D790522C}.Release|Any CPU.Build.0 = Release|Any CPU
		{993DA91D-7CBE-458C-9127-E868FBCDE72C}.Debug|Any CPU.ActiveCfg = Debug|Any CPU
		{993DA91D-7CBE-458C-9127-E868FBCDE72C}.Debug|Any CPU.Build.0 = Debug|Any CPU
		{993DA91D-7CBE-458C-9127-E868FBCDE72C}.Release|Any CPU.ActiveCfg = Release|Any CPU
		{993DA91D-7CBE-458C-9127-E868FBCDE72C}.Release|Any CPU.Build.0 = Release|Any CPU
		{849EBBD2-2480-476F-A56C-8535A1CA48BC}.Debug|Any CPU.ActiveCfg = Debug|Any CPU
		{849EBBD2-2480-476F-A56C-8535A1CA48BC}.Debug|Any CPU.Build.0 = Debug|Any CPU
		{849EBBD2-2480-476F-A56C-8535A1CA48BC}.Release|Any CPU.ActiveCfg = Release|Any CPU
		{849EBBD2-2480-476F-A56C-8535A1CA48BC}.Release|Any CPU.Build.0 = Release|Any CPU
		{905B7B84-BB29-4C32-A270-855D01964DDE}.Debug|Any CPU.ActiveCfg = Debug|Any CPU
		{905B7B84-BB29-4C32-A270-855D01964DDE}.Debug|Any CPU.Build.0 = Debug|Any CPU
		{905B7B84-BB29-4C32-A270-855D01964DDE}.Release|Any CPU.ActiveCfg = Release|Any CPU
		{905B7B84-BB29-4C32-A270-855D01964DDE}.Release|Any CPU.Build.0 = Release|Any CPU
		{31EB47DF-9A06-4668-AAC6-6E97090E1985}.Debug|Any CPU.ActiveCfg = Debug|Any CPU
		{31EB47DF-9A06-4668-AAC6-6E97090E1985}.Debug|Any CPU.Build.0 = Debug|Any CPU
		{31EB47DF-9A06-4668-AAC6-6E97090E1985}.Release|Any CPU.ActiveCfg = Release|Any CPU
		{31EB47DF-9A06-4668-AAC6-6E97090E1985}.Release|Any CPU.Build.0 = Release|Any CPU
		{B02E63E9-B48C-42A6-9FA8-5A19C1E9C54D}.Debug|Any CPU.ActiveCfg = Debug|Any CPU
		{B02E63E9-B48C-42A6-9FA8-5A19C1E9C54D}.Debug|Any CPU.Build.0 = Debug|Any CPU
		{B02E63E9-B48C-42A6-9FA8-5A19C1E9C54D}.Release|Any CPU.ActiveCfg = Release|Any CPU
		{B02E63E9-B48C-42A6-9FA8-5A19C1E9C54D}.Release|Any CPU.Build.0 = Release|Any CPU
		{5ECB0E45-FAAB-4404-934D-7A7C2A831207}.Debug|Any CPU.ActiveCfg = Debug|Any CPU
		{5ECB0E45-FAAB-4404-934D-7A7C2A831207}.Debug|Any CPU.Build.0 = Debug|Any CPU
		{5ECB0E45-FAAB-4404-934D-7A7C2A831207}.Release|Any CPU.ActiveCfg = Release|Any CPU
		{5ECB0E45-FAAB-4404-934D-7A7C2A831207}.Release|Any CPU.Build.0 = Release|Any CPU
		{8515F0F2-36C6-42E8-BB38-CD13823FEE34}.Debug|Any CPU.ActiveCfg = Debug|Any CPU
		{8515F0F2-36C6-42E8-BB38-CD13823FEE34}.Debug|Any CPU.Build.0 = Debug|Any CPU
		{8515F0F2-36C6-42E8-BB38-CD13823FEE34}.Release|Any CPU.ActiveCfg = Release|Any CPU
		{8515F0F2-36C6-42E8-BB38-CD13823FEE34}.Release|Any CPU.Build.0 = Release|Any CPU
		{F3038959-012C-48E5-A30D-FA55C8C197F8}.Debug|Any CPU.ActiveCfg = Debug|Any CPU
		{F3038959-012C-48E5-A30D-FA55C8C197F8}.Debug|Any CPU.Build.0 = Debug|Any CPU
		{F3038959-012C-48E5-A30D-FA55C8C197F8}.Release|Any CPU.ActiveCfg = Release|Any CPU
		{F3038959-012C-48E5-A30D-FA55C8C197F8}.Release|Any CPU.Build.0 = Release|Any CPU
		{078E9E80-E7FB-4A0C-BE7B-A367CDBC14A1}.Debug|Any CPU.ActiveCfg = Debug|Any CPU
		{078E9E80-E7FB-4A0C-BE7B-A367CDBC14A1}.Debug|Any CPU.Build.0 = Debug|Any CPU
		{078E9E80-E7FB-4A0C-BE7B-A367CDBC14A1}.Release|Any CPU.ActiveCfg = Release|Any CPU
		{078E9E80-E7FB-4A0C-BE7B-A367CDBC14A1}.Release|Any CPU.Build.0 = Release|Any CPU
		{DE3BCCDE-828D-4ACA-A5EC-68447E43BE3D}.Debug|Any CPU.ActiveCfg = Debug|Any CPU
		{DE3BCCDE-828D-4ACA-A5EC-68447E43BE3D}.Debug|Any CPU.Build.0 = Debug|Any CPU
		{DE3BCCDE-828D-4ACA-A5EC-68447E43BE3D}.Release|Any CPU.ActiveCfg = Release|Any CPU
		{DE3BCCDE-828D-4ACA-A5EC-68447E43BE3D}.Release|Any CPU.Build.0 = Release|Any CPU
		{02063922-DC89-4679-AEB5-47ADABA0B007}.Debug|Any CPU.ActiveCfg = Debug|Any CPU
		{02063922-DC89-4679-AEB5-47ADABA0B007}.Debug|Any CPU.Build.0 = Debug|Any CPU
		{02063922-DC89-4679-AEB5-47ADABA0B007}.Release|Any CPU.ActiveCfg = Release|Any CPU
		{02063922-DC89-4679-AEB5-47ADABA0B007}.Release|Any CPU.Build.0 = Release|Any CPU
		{FE29FE1A-7F68-4949-B4F6-054C2E46D9C9}.Debug|Any CPU.ActiveCfg = Debug|Any CPU
		{FE29FE1A-7F68-4949-B4F6-054C2E46D9C9}.Debug|Any CPU.Build.0 = Debug|Any CPU
		{FE29FE1A-7F68-4949-B4F6-054C2E46D9C9}.Release|Any CPU.ActiveCfg = Release|Any CPU
		{FE29FE1A-7F68-4949-B4F6-054C2E46D9C9}.Release|Any CPU.Build.0 = Release|Any CPU
	EndGlobalSection
	GlobalSection(SolutionProperties) = preSolution
		HideSolutionNode = FALSE
	EndGlobalSection
	GlobalSection(ExtensibilityGlobals) = postSolution
		SolutionGuid = {54CDE658-B0C3-4002-A52D-51A16FC08FB3}
	EndGlobalSection
EndGlobal
