
Microsoft Visual Studio Solution File, Format Version 12.00
# Visual Studio Version 16
VisualStudioVersion = 16.0.29509.3
MinimumVisualStudioVersion = 10.0.40219.1
Project("{9A19103F-16F7-4668-BE54-9A1E7A4F7556}") = "ISAM5430.FA19.HW08", "ISAM5430.FA19.HW08\ISAM5430.FA19.HW08.csproj", "{342976BD-C34A-4373-B1DF-3E5BAC34E468}"
EndProject
Project("{FAE04EC0-301F-11D3-BF4B-00C04F79EFBC}") = "ISAM5430.FA19.HW08.Tests", "ISAM5430.FA19.HW08.Tests\ISAM5430.FA19.HW08.Tests.csproj", "{C184DEC3-B097-4B69-9174-BE2E163D29D5}"
EndProject
Global
	GlobalSection(SolutionConfigurationPlatforms) = preSolution
		Debug|Any CPU = Debug|Any CPU
		Release|Any CPU = Release|Any CPU
	EndGlobalSection
	GlobalSection(ProjectConfigurationPlatforms) = postSolution
		{342976BD-C34A-4373-B1DF-3E5BAC34E468}.Debug|Any CPU.ActiveCfg = Debug|Any CPU
		{342976BD-C34A-4373-B1DF-3E5BAC34E468}.Debug|Any CPU.Build.0 = Debug|Any CPU
		{342976BD-C34A-4373-B1DF-3E5BAC34E468}.Release|Any CPU.ActiveCfg = Release|Any CPU
		{342976BD-C34A-4373-B1DF-3E5BAC34E468}.Release|Any CPU.Build.0 = Release|Any CPU
		{C184DEC3-B097-4B69-9174-BE2E163D29D5}.Debug|Any CPU.ActiveCfg = Debug|Any CPU
		{C184DEC3-B097-4B69-9174-BE2E163D29D5}.Debug|Any CPU.Build.0 = Debug|Any CPU
		{C184DEC3-B097-4B69-9174-BE2E163D29D5}.Release|Any CPU.ActiveCfg = Release|Any CPU
		{C184DEC3-B097-4B69-9174-BE2E163D29D5}.Release|Any CPU.Build.0 = Release|Any CPU
	EndGlobalSection
	GlobalSection(SolutionProperties) = preSolution
		HideSolutionNode = FALSE
	EndGlobalSection
	GlobalSection(ExtensibilityGlobals) = postSolution
		SolutionGuid = {FDF2C486-9DC5-45D4-AC03-1294DCF48FBA}
	EndGlobalSection
EndGlobal
